
Microsoft Visual Studio Solution File, Format Version 12.00
# Visual Studio Express 2012 for Windows Phone
Project("{FAE04EC0-301F-11D3-BF4B-00C04F79EFBC}") = "CordovaExample", "CordovaExample.csproj", "{0C6DFC84-A3BE-4581-BAAD-85B8CCC17FF8}"
EndProject
Project("{FAE04EC0-301F-11D3-BF4B-00C04F79EFBC}") = "WPCordovaClassLib", "..\framework\WPCordovaClassLib.csproj", "{FC6A1A70-892D-46AD-9E4A-9793F72AF780}"
EndProject
Global
	GlobalSection(SolutionConfigurationPlatforms) = preSolution
		Debug|ARM = Debug|ARM
		Debug|Any CPU = Debug|Any CPU
		Debug|x86 = Debug|x86
		Release|ARM = Release|ARM
		Release|Any CPU = Release|Any CPU
		Release|x86 = Release|x86
	EndGlobalSection
	GlobalSection(ProjectConfigurationPlatforms) = postSolution
		{0C6DFC84-A3BE-4581-BAAD-85B8CCC17FF8}.Debug|ARM.ActiveCfg = Debug|ARM
		{0C6DFC84-A3BE-4581-BAAD-85B8CCC17FF8}.Debug|ARM.Build.0 = Debug|ARM
		{0C6DFC84-A3BE-4581-BAAD-85B8CCC17FF8}.Debug|ARM.Deploy.0 = Debug|ARM
		{0C6DFC84-A3BE-4581-BAAD-85B8CCC17FF8}.Debug|Any CPU.ActiveCfg = Debug|Any CPU
		{0C6DFC84-A3BE-4581-BAAD-85B8CCC17FF8}.Debug|Any CPU.Build.0 = Debug|Any CPU
		{0C6DFC84-A3BE-4581-BAAD-85B8CCC17FF8}.Debug|Any CPU.Deploy.0 = Debug|Any CPU
		{0C6DFC84-A3BE-4581-BAAD-85B8CCC17FF8}.Debug|x86.ActiveCfg = Debug|x86
		{0C6DFC84-A3BE-4581-BAAD-85B8CCC17FF8}.Debug|x86.Build.0 = Debug|x86
		{0C6DFC84-A3BE-4581-BAAD-85B8CCC17FF8}.Debug|x86.Deploy.0 = Debug|x86
		{0C6DFC84-A3BE-4581-BAAD-85B8CCC17FF8}.Release|ARM.ActiveCfg = Release|ARM
		{0C6DFC84-A3BE-4581-BAAD-85B8CCC17FF8}.Release|ARM.Build.0 = Release|ARM
		{0C6DFC84-A3BE-4581-BAAD-85B8CCC17FF8}.Release|ARM.Deploy.0 = Release|ARM
		{0C6DFC84-A3BE-4581-BAAD-85B8CCC17FF8}.Release|Any CPU.ActiveCfg = Release|Any CPU
		{0C6DFC84-A3BE-4581-BAAD-85B8CCC17FF8}.Release|Any CPU.Build.0 = Release|Any CPU
		{0C6DFC84-A3BE-4581-BAAD-85B8CCC17FF8}.Release|Any CPU.Deploy.0 = Release|Any CPU
		{0C6DFC84-A3BE-4581-BAAD-85B8CCC17FF8}.Release|x86.ActiveCfg = Release|x86
		{0C6DFC84-A3BE-4581-BAAD-85B8CCC17FF8}.Release|x86.Build.0 = Release|x86
		{0C6DFC84-A3BE-4581-BAAD-85B8CCC17FF8}.Release|x86.Deploy.0 = Release|x86
		{FC6A1A70-892D-46AD-9E4A-9793F72AF780}.Debug|ARM.ActiveCfg = Debug|ARM
		{FC6A1A70-892D-46AD-9E4A-9793F72AF780}.Debug|ARM.Build.0 = Debug|ARM
		{FC6A1A70-892D-46AD-9E4A-9793F72AF780}.Debug|Any CPU.ActiveCfg = Debug|Any CPU
		{FC6A1A70-892D-46AD-9E4A-9793F72AF780}.Debug|Any CPU.Build.0 = Debug|Any CPU
		{FC6A1A70-892D-46AD-9E4A-9793F72AF780}.Debug|x86.ActiveCfg = Debug|x86
		{FC6A1A70-892D-46AD-9E4A-9793F72AF780}.Debug|x86.Build.0 = Debug|x86
		{FC6A1A70-892D-46AD-9E4A-9793F72AF780}.Release|ARM.ActiveCfg = Release|ARM
		{FC6A1A70-892D-46AD-9E4A-9793F72AF780}.Release|ARM.Build.0 = Release|ARM
		{FC6A1A70-892D-46AD-9E4A-9793F72AF780}.Release|Any CPU.ActiveCfg = Release|Any CPU
		{FC6A1A70-892D-46AD-9E4A-9793F72AF780}.Release|Any CPU.Build.0 = Release|Any CPU
		{FC6A1A70-892D-46AD-9E4A-9793F72AF780}.Release|x86.ActiveCfg = Release|x86
		{FC6A1A70-892D-46AD-9E4A-9793F72AF780}.Release|x86.Build.0 = Release|x86
	EndGlobalSection
	GlobalSection(SolutionProperties) = preSolution
		HideSolutionNode = FALSE
	EndGlobalSection
EndGlobal
