<?xml version="1.0" encoding="utf-8"?>
<Project ToolsVersion="4.0" xmlns="http://schemas.microsoft.com/developer/msbuild/2003">
  <ItemGroup>
    <ClCompile Include="accel.c" />
    <ClCompile Include="capture.c" />
    <ClCompile Include="device.c" />
    <ClCompile Include="jpeg.cpp" />
    <ClCompile Include="network.c" />
    <ClCompile Include="shell.c" />
    <ClCompile Include="notification.c" />
    <ClCompile Include="storage.c" />
    <ClCompile Include="json.c" />
    <ClCompile Include="lib\sqlite\sqlite3.c" />
    <ClCompile Include="platform.c" />
    <ClCompile Include="file.c" />
    <ClCompile Include="common.c" />
    <ClCompile Include="filetransfer.c" />
    <ClCompile Include="mp4patch.c" />
    <ClCompile Include="compass.c" />
  </ItemGroup>
  <ItemGroup>
    <ClInclude Include="accel.h" />
    <ClInclude Include="capture.h" />
    <ClInclude Include="common.h" />
    <ClInclude Include="device.h" />
    <ClInclude Include="jpeg.h" />
    <ClInclude Include="network.h" />
    <ClInclude Include="resource.h" />
    <ClInclude Include="shell.h" />
    <ClInclude Include="notification.h" />
    <ClInclude Include="storage.h" />
    <ClInclude Include="json.h" />
    <ClInclude Include="platform.h" />
    <ClInclude Include="file.h" />
    <ClInclude Include="filetransfer.h" />
    <ClInclude Include="mp4patch.h" />
    <ClInclude Include="compass.h" />
  </ItemGroup>
  <ItemGroup>
    <ResourceCompile Include="resource.rc" />
  </ItemGroup>
  <ItemGroup>
    <None Include="toolbar.bmp" />
    <None Include="lib\js\plugin\win7\device.js">
      <Filter>javascript</Filter>
    </None>
    <None Include="lib\js\exec.js">
      <Filter>javascript</Filter>
    </None>
    <None Include="www\cordova.win7.js">
      <Filter>javascript</Filter>
    </None>
    <None Include="lib\js\platform.js">
      <Filter>javascript</Filter>
    </None>
    <None Include="www\index.html">
      <Filter>html</Filter>
    </None>
    <None Include="www\device.html">
      <Filter>html</Filter>
    </None>
    <None Include="www\network.html">
      <Filter>html</Filter>
    </None>
    <None Include="www\capture.html">
      <Filter>html</Filter>
    </None>
    <None Include="www\events.html">
      <Filter>html</Filter>
    </None>
    <None Include="lib\js\plugin\win7\jsHandler.js">
      <Filter>javascript</Filter>
    </None>
    <None Include="lib\js\plugin\win7\storage.js">
      <Filter>javascript</Filter>
    </None>
    <None Include="www\storage.html">
      <Filter>html</Filter>
    </None>
    <None Include="lib\js\plugin\win7\SQLError.js">
      <Filter>javascript</Filter>
    </None>
    <None Include="www\file.html">
      <Filter>html</Filter>
    </None>
    <None Include="www\compass.html">
      <Filter>html</Filter>
    </None>
    <None Include="www\accel_game.css">
      <Filter>html</Filter>
    </None>
    <None Include="www\accel_game.html">
      <Filter>html</Filter>
    </None>
    <None Include="www\accel_game.js">
      <Filter>html</Filter>
    </None>
    <None Include="www\notification.html">
      <Filter>html</Filter>
    </None>
  </ItemGroup>
  <ItemGroup>
    <Filter Include="javascript">
      <UniqueIdentifier>{03872dca-8198-4d19-a847-612e33652f00}</UniqueIdentifier>
    </Filter>
    <Filter Include="html">
      <UniqueIdentifier>{56894366-d156-48a1-a4ac-68ebf29c4442}</UniqueIdentifier>
    </Filter>
  </ItemGroup>
</Project>