
Microsoft Visual Studio Solution File, Format Version 11.00
# Visual Studio 2010 Express for Windows Phone
Project("{FAE04EC0-301F-11D3-BF4B-00C04F79EFBC}") = "CordovaAppProj", "CordovaAppProj.csproj", "{3677C1B7-D68B-4CF9-BF8A-E869D437A6DF}"
EndProject
Global
	GlobalSection(SolutionConfigurationPlatforms) = preSolution
		Debug|Any CPU = Debug|Any CPU
		Release|Any CPU = Release|Any CPU
	EndGlobalSection
	GlobalSection(ProjectConfigurationPlatforms) = postSolution
		{3677C1B7-D68B-4CF9-BF8A-E869D437A6DF}.Debug|Any CPU.ActiveCfg = Debug|Any CPU
		{3677C1B7-D68B-4CF9-BF8A-E869D437A6DF}.Debug|Any CPU.Build.0 = Debug|Any CPU
		{3677C1B7-D68B-4CF9-BF8A-E869D437A6DF}.Debug|Any CPU.Deploy.0 = Debug|Any CPU
		{3677C1B7-D68B-4CF9-BF8A-E869D437A6DF}.Release|Any CPU.ActiveCfg = Release|Any CPU
		{3677C1B7-D68B-4CF9-BF8A-E869D437A6DF}.Release|Any CPU.Build.0 = Release|Any CPU
		{3677C1B7-D68B-4CF9-BF8A-E869D437A6DF}.Release|Any CPU.Deploy.0 = Release|Any CPU
	EndGlobalSection
	GlobalSection(SolutionProperties) = preSolution
		HideSolutionNode = FALSE
	EndGlobalSection
EndGlobal
