
Microsoft Visual Studio Solution File, Format Version 12.00
# Visual Studio 2012
Project("{FAE04EC0-301F-11D3-BF4B-00C04F79EFBC}") = "MobileSpecUnitTests", "MobileSpecUnitTests.csproj", "{86DC5E2F-4AEE-42E3-9471-A082B9BEBEAC}"
EndProject
Project("{FAE04EC0-301F-11D3-BF4B-00C04F79EFBC}") = "WPCordovaClassLib", "..\..\framework\WPCordovaClassLib.csproj", "{FC6A1A70-892D-46AD-9E4A-9793F72AF780}"
EndProject
Global
	GlobalSection(SolutionConfigurationPlatforms) = preSolution
		Debug|Any CPU = Debug|Any CPU
		Debug|ARM = Debug|ARM
		Debug|x86 = Debug|x86
		Release|Any CPU = Release|Any CPU
		Release|ARM = Release|ARM
		Release|x86 = Release|x86
	EndGlobalSection
	GlobalSection(ProjectConfigurationPlatforms) = postSolution
		{86DC5E2F-4AEE-42E3-9471-A082B9BEBEAC}.Debug|Any CPU.ActiveCfg = Debug|Any CPU
		{86DC5E2F-4AEE-42E3-9471-A082B9BEBEAC}.Debug|Any CPU.Build.0 = Debug|Any CPU
		{86DC5E2F-4AEE-42E3-9471-A082B9BEBEAC}.Debug|Any CPU.Deploy.0 = Debug|Any CPU
		{86DC5E2F-4AEE-42E3-9471-A082B9BEBEAC}.Debug|ARM.ActiveCfg = Debug|Any CPU
		{86DC5E2F-4AEE-42E3-9471-A082B9BEBEAC}.Debug|x86.ActiveCfg = Debug|Any CPU
		{86DC5E2F-4AEE-42E3-9471-A082B9BEBEAC}.Release|Any CPU.ActiveCfg = Release|Any CPU
		{86DC5E2F-4AEE-42E3-9471-A082B9BEBEAC}.Release|Any CPU.Build.0 = Release|Any CPU
		{86DC5E2F-4AEE-42E3-9471-A082B9BEBEAC}.Release|Any CPU.Deploy.0 = Release|Any CPU
		{86DC5E2F-4AEE-42E3-9471-A082B9BEBEAC}.Release|ARM.ActiveCfg = Release|Any CPU
		{86DC5E2F-4AEE-42E3-9471-A082B9BEBEAC}.Release|x86.ActiveCfg = Release|Any CPU
		{FC6A1A70-892D-46AD-9E4A-9793F72AF780}.Debug|Any CPU.ActiveCfg = Debug|Any CPU
		{FC6A1A70-892D-46AD-9E4A-9793F72AF780}.Debug|Any CPU.Build.0 = Debug|Any CPU
		{FC6A1A70-892D-46AD-9E4A-9793F72AF780}.Debug|ARM.ActiveCfg = Debug|ARM
		{FC6A1A70-892D-46AD-9E4A-9793F72AF780}.Debug|ARM.Build.0 = Debug|ARM
		{FC6A1A70-892D-46AD-9E4A-9793F72AF780}.Debug|x86.ActiveCfg = Debug|x86
		{FC6A1A70-892D-46AD-9E4A-9793F72AF780}.Debug|x86.Build.0 = Debug|x86
		{FC6A1A70-892D-46AD-9E4A-9793F72AF780}.Release|Any CPU.ActiveCfg = Release|Any CPU
		{FC6A1A70-892D-46AD-9E4A-9793F72AF780}.Release|Any CPU.Build.0 = Release|Any CPU
		{FC6A1A70-892D-46AD-9E4A-9793F72AF780}.Release|ARM.ActiveCfg = Release|ARM
		{FC6A1A70-892D-46AD-9E4A-9793F72AF780}.Release|ARM.Build.0 = Release|ARM
		{FC6A1A70-892D-46AD-9E4A-9793F72AF780}.Release|x86.ActiveCfg = Release|x86
		{FC6A1A70-892D-46AD-9E4A-9793F72AF780}.Release|x86.Build.0 = Release|x86
	EndGlobalSection
	GlobalSection(SolutionProperties) = preSolution
		HideSolutionNode = FALSE
	EndGlobalSection
EndGlobal
